{
  "name": "react-example",
  "version": "1.0.0",
  "lockfileVersion": 3,
  "requires": true,
  "packages": {
    "": {
      "name": "react-example",
      "version": "1.0.0",
      "dependencies": {
        "@google/genai": "^2.4.0",
        "@tauri-apps/api": "^2.11.1",
        "@types/cors": "^2.8.19",
        "bootstrap": "^5.3.0",
        "cors": "^2.8.6",
        "dexie": "^4.4.4",
        "dotenv": "^17.2.3",
        "express": "^4.21.2",
        "lucide-react": "^0.546.0",
        "motion": "^12.23.24",
        "react": "^19.0.1",
        "react-dom": "^19.0.1",
        "xlsx": "^0.18.5"
      },
      "devDependencies": {
        "@tailwindcss/vite": "^4.1.14",
        "@tauri-apps/cli": "^2.11.4",
        "@types/express": "^4.17.21",
        "@types/node": "^22.14.0",
        "@types/react": "^19.2.18",
        "@types/react-dom": "^19.2.5",
        "@vitejs/plugin-react": "^5.0.4",
        "autoprefixer": "^10.4.21",
        "concurrently": "^9.1.2",
        "electron": "^43.3.0",
        "electron-builder": "^26.15.3",
        "esbuild": "^0.25.0",
        "tailwindcss": "^4.1.14",
        "tsx": "^4.21.0",
        "typescript": "~5.8.2",
        "vite": "^6.2.3",
        "wait-on": "^8.0.2"
      },
      "optionalDependencies": {
        "@esbuild/win32-x64": "^0.25.0",
        "@rollup/rollup-win32-x64-msvc": "^4.30.0",
        "@tailwindcss/oxide-win32-x64-msvc": "^4.0.0",
        "@tauri-apps/cli-win32-x64-msvc": "^2.0.0"
      }
    },
    "node_modules/adler-32": {
      "version": "1.3.1",
      "resolved": "https://registry.npmjs.org/adler-32/-/adler-32-1.3.1.tgz",
      "integrity": "sha512-ynZ4w/nUUv5rrsR8UUGoe1VC9hMnZpl3nJ6On8LTZk1+/C504Ys8qapFM9K7+64vj5U/LTT50TP/UmicPbq4Iw==",
      "engines": {
        "node": ">=0.8"
      }
    },
    "node_modules/cfb": {
      "version": "1.2.2",
      "resolved": "https://registry.npmjs.org/cfb/-/cfb-1.2.2.tgz",
      "integrity": "sha512-KfdUZsSOw19/ObEWaLJBH9pTJbqwrA+/OYvR6+Oy20PmPE5g7xF5N2fr4pVOC+g1RPVhKxdrnnz75+dKvCcQOA==",
      "engines": {
        "node": ">=0.8"
      }
    },
    "node_modules/codepage": {
      "version": "1.15.0",
      "resolved": "https://registry.npmjs.org/codepage/-/codepage-1.15.0.tgz",
      "integrity": "sha512-3g6NUTPd00hBiM0FtY+yAXvyR4Q8drnbsarknG8NrSHruWEyvtkWMn67prAmfaAH/+JsrBEKcQwvwaDcWFVLTw==",
      "engines": {
        "node": ">=0.8"
      }
    },
    "node_modules/crc-32": {
      "version": "1.2.2",
      "resolved": "https://registry.npmjs.org/crc-32/-/crc-32-1.2.2.tgz",
      "integrity": "sha512-ROmzCKrTSf9eyrF3UIr9QkcZA8NQw02FFtQWOaN7Z5Z/T4XWQlCTATKqJweCaexW5+nocgppegcjJjvruP6Fsw==",
      "bin": {
        "crc32": "bin/crc32.njs"
      },
      "engines": {
        "node": ">=0.8"
      }
    },
    "node_modules/frac": {
      "version": "1.1.2",
      "resolved": "https://registry.npmjs.org/frac/-/frac-1.1.2.tgz",
      "integrity": "sha512-w/XBfkibaTl0w+kk+O1HwPscsKS5M3NIN4+v1FnDTBh+rauWX2zA2b5eCx8l0GC/a1/h81+E84vTv00KdFcwA==",
      "engines": {
        "node": ">=0.8"
      }
    },
    "node_modules/ssf": {
      "version": "0.11.2",
      "resolved": "https://registry.npmjs.org/ssf/-/ssf-0.11.2.tgz",
      "integrity": "sha512-+iNUnnhoQW6G7vVP4xWIkMI5sSMxEe0ZXfbW6/BIZfDHmWE/EaKSJqHlUe9t+6D1dMqvwkMH/k65s9in8nsCJA==",
      "engines": {
        "node": ">=0.8"
      }
    },
    "node_modules/wmf": {
      "version": "1.0.2",
      "resolved": "https://registry.npmjs.org/wmf/-/wmf-1.0.2.tgz",
      "integrity": "sha512-/p8EENhiSCFbVb2U39ggKpq4/p0Y4C42Ti1dXgljhgcshB3m0/+X5DIlnYUUv2sNw76f3bչ+5UWlaS0HH+Og==",
      "engines": {
        "node": ">=0.8"
      }
    },
    "node_modules/word": {
      "version": "0.3.0",
      "resolved": "https://registry.npmjs.org/word/-/word-0.3.0.tgz",
      "integrity": "sha512-OELeY6S53fgGYCcqApjbO2JPcLBSW24KmNJ0UIcS06UVrBsFfDM+9KPxdGvnfP1SG5gSNaKkfVE3iHdHg/MXVA==",
      "engines": {
        "node": ">=0.8"
      }
    },
    "node_modules/xlsx": {
      "version": "0.18.5",
      "resolved": "https://registry.npmjs.org/xlsx/-/xlsx-0.18.5.tgz",
      "integrity": "sha512-dmg3LJn5Z2BmUS38z1g/IScr+PUQRGnqqBSTVeDv0lT+keG/D4WGPlWe2dEDRM65V609IF5oJ8cbpi53eNjDA==",
      "dependencies": {
        "adler-32": "~1.3.0",
        "cfb": "~1.2.2",
        "codepage": "~1.15.0",
        "crc-32": "~1.2.2",
        "frac": "~1.1.2",
        "ssf": "~0.11.2",
        "wmf": "~1.0.2",
        "word": "~0.3.0"
      },
      "bin": {
        "xlsx": "bin/xlsx.njs"
      },
      "engines": {
        "node": ">=0.8"
      }
    }
  }
}
