{
  "name": "react-example",
  "version": "1.0.0",
  "lockfileVersion": 3,
  "requires": true,
  "packages": {
    "": {
      "name": "react-example",
      "version": "1.0.0",
      "dependencies": {
        "@google/genai": "^2.4.0",
        "@tauri-apps/api": "^2.11.1",
        "@popperjs/core": "^2.11.8",
        "bootstrap": "^5.3.8",
        "dexie": "^4.4.4",
        "dotenv": "^17.2.3",
        "express": "^4.21.2",
        "lucide-react": "^0.546.0",
        "motion": "^12.23.24",
        "react": "^19.0.1",
        "react-dom": "^19.0.1"
      },
      "devDependencies": {
        "@tailwindcss/vite": "^4.1.14",
        "@tauri-apps/cli": "^2.11.4",
        "@types/express": "^4.17.21",
        "@types/node": "^22.14.0",
        "@vitejs/plugin-react": "^5.0.4",
        "autoprefixer": "^10.4.21",
        "concurrently": "^9.1.2",
        "electron": "^43.3.0",
        "electron-builder": "^26.15.3",
        "esbuild": "^0.25.0",
        "tailwindcss": "^4.1.14",
        "tsx": "^4.21.0",
        "typescript": "~5.8.2",
        "vite": "^6.2.3",
        "wait-on": "^8.0.2"
      },
      "optionalDependencies": {
        "@esbuild/win32-x64": "^0.25.0",
        "@rollup/rollup-win32-x64-msvc": "^4.30.0",
        "@tailwindcss/oxide-win32-x64-msvc": "^4.0.0",
        "@tauri-apps/cli-win32-x64-msvc": "^2.0.0"
      }
    },
    "node_modules/@google/genai": {
      "version": "2.4.0",
      "resolved": "https://registry.npmjs.org/@google/genai/-/genai-2.4.0.tgz",
      "integrity": "sha512-7EYjSXBBfHPe7aGDjGLmfIhLBxDcfzJC1b3b8sSJxl4EJJ/1AuIQaVYTD1EwIJ6nOPfKyHKJ0tKsrBZd3nZGg==",
      "license": "MIT"
    },
    "node_modules/@tauri-apps/api": {
      "version": "2.11.1",
      "resolved": "https://registry.npmjs.org/@tauri-apps/api/-/api-2.11.1.tgz",
      "integrity": "sha512-1k0FCHX0GvfMG8p7UxPe4XZLA3B3PdmJ4JG6t6eF5IQvK8P3g6EwW8cJOhYMxHFqXyW9wr8rFZ7CEmyMQnmWg==",
      "license": "MIT or Apache-2.0"
    },
    "node_modules/@popperjs/core": {
      "version": "2.11.8",
      "resolved": "https://registry.npmjs.org/@popperjs/core/-/core-2.11.8.tgz",
      "integrity": "sha512-P1st0aksCnBHXwmEd765ch5MJvWeiOh3lG57Je52otV16zcnh7KKk11NIsQele5gstaND5TNcvafthUY5dKcrA==",
      "funding": {
        "type": "opencollective",
        "url": "https://opencollective.com/popperjs/donate"
      }
    },
    "node_modules/bootstrap": {
      "version": "5.3.8",
      "resolved": "https://registry.npmjs.org/bootstrap/-/bootstrap-5.3.8.tgz",
      "integrity": "sha512-VgAL8qRgCrYO1jdZDn5L0lzaVMVu/jXmWYgJO/pT+b2p3bI35OPFSFfvyPLQKyHNHYRJDW+/S8mCGwABNS/9sw==",
      "funding": [
        {
          "type": "github",
          "url": "https://github.com/sponsors/twbs"
        },
        {
          "type": "opencollective",
          "url": "https://opencollective.com/bootstrap"
        }
      ],
      "peerDependencies": {
        "@popperjs/core": "^2.9.2"
      }
    },
    "node_modules/dexie": {
      "version": "4.4.4",
      "resolved": "https://registry.npmjs.org/dexie/-/dexie-4.4.4.tgz",
      "integrity": "sha512-RV5BddLLqOPZjy1LL9ZNyQNnYdXOQoUJ8cEOKi2XxwIKlAXrJGHFsrMVIGu8DIplVhMpW7xjVfU+llMLhz7Nrw==",
      "license": "Apache-2.0"
    },
    "node_modules/dotenv": {
      "version": "17.2.3",
      "resolved": "https://registry.npmjs.org/dotenv/-/dotenv-17.2.3.tgz",
      "integrity": "sha512-/V2TQxXBW0aIgDjLPWiXYBW0n8pLx5eHlh3T/J4LJRMh6xC6oKJjCXioDYVFgvRBSXOqJ/BYQa2z+2p3RjY7w==",
      "license": "BSD-2-Clause",
      "engines": {
        "node": ">=12"
      },
      "funding": {
        "url": "https://github.com/motdotla/dotenv?sponsor=1"
      }
    },
    "node_modules/express": {
      "version": "4.21.2",
      "resolved": "https://registry.npmjs.org/express/-/express-4.21.2.tgz",
      "integrity": "sha512-28HqgMKhm2h7uSk0uY2Pmorides7XEjbNXvqdxF47xrob2CaGj7ZcZ9O1OCQp1EANlmKvTiGQucNnqrmaOeSapQ==",
      "license": "MIT",
      "dependencies": {
        "accepts": "~1.3.8",
        "array-flatten": "1.1.1",
        "body-parser": "1.20.3",
        "content-disposition": "0.5.4",
        "content-type": "~1.0.4",
        "cookie": "0.6.0",
        "cookie-signature": "1.0.6",
        "debug": "4.3.7",
        "depd": "2.0.0",
        "encodeurl": "~1.0.2",
        "escape-html": "~1.0.3",
        "etag": "~1.8.1",
        "finalhandler": "1.3.1",
        "fresh": "0.5.2",
        "http-errors": "2.0.0",
        "merge-descriptors": "1.0.1",
        "methods": "~1.1.2",
        "on-finished": "2.4.1",
        "parseurl": "~1.3.3",
        "path-to-regexp": "0.1.10",
        "proxy-addr": "~2.0.7",
        "qs": "6.13.1",
        "range-parser": "~1.2.1",
        "safe-buffer": "5.2.1",
        "send": "0.19.0",
        "serve-static": "1.16.2",
        "setprototypeof": "1.2.0",
        "statuses": "2.0.1",
        "type-is": "~1.6.18",
        "utils-merge": "1.0.1",
        "vary": "~1.1.2"
      },
      "engines": {
        "node": ">= 0.10.0"
      }
    },
    "node_modules/lucide-react": {
      "version": "0.546.0",
      "resolved": "https://registry.npmjs.org/lucide-react/-/lucide-react-0.546.0.tgz",
      "integrity": "sha512-cjHYJ7pLTVpGpMIo8cWdbnQPy/HKQcmVbUyXfZCq0S4+1x8LxKR4dLIEE6s6P7xZYe5rvNm+5pXdLjTpIZwpg==",
      "license": "ISC",
      "peerDependencies": {
        "react": "^16.5.1 || ^17.0.0 || ^18.0.0 || ^19.0.0"
      }
    },
    "node_modules/motion": {
      "version": "12.23.24",
      "resolved": "https://registry.npmjs.org/motion/-/motion-12.23.24.tgz",
      "integrity": "sha512-gMqMZcnZHVF4IZ4wDvCsKSgWQ2+V6YMqVqMfQCYGSZCX6EgfJH0LZQEGm3n3b8yQdaBFVlnqHEkuFzv2P/3HzQ==",
      "license": "MIT"
    },
    "node_modules/react": {
      "version": "19.0.1",
      "resolved": "https://registry.npmjs.org/react/-/react-19.0.1.tgz",
      "integrity": "sha512-7sFpC1G1L2rL/3H8Phz3IUBQ1v9+cDtClVwJlbFhEZkNFmJgqGpBz0f3wQiJsafLYJLRfZcFrfnx/3QcaGbsQ==",
      "license": "MIT",
      "engines": {
        "node": ">=0.10.0"
      }
    },
    "node_modules/react-dom": {
      "version": "19.0.1",
      "resolved": "https://registry.npmjs.org/react-dom/-/react-dom-19.0.1.tgz",
      "integrity": "sha512-EKt7o5UKH5qhEWZLw7hHjI7yKLK7gUJZM8lGkIkVYR0AJEPcbKWb4Q3W7d0R6WvP3G2ld1x2ViIZJLtCWvNVA==",
      "license": "MIT",
      "peerDependencies": {
        "react": "^19.0.1"
      }
    },
    "node_modules/@tailwindcss/vite": {
      "version": "4.1.14",
      "resolved": "https://registry.npmjs.org/@tailwindcss/vite/-/vite-4.1.14.tgz",
      "integrity": "sha512-X5/PUCwXLEUCnJqjz2VWLkHgJlNYT8hZnNQCzVP5fnDIRbPFH9c4mjm8d8BfYLb4V7OZYvXDm3i5QRJlQi5uw==",
      "dev": true,
      "license": "MIT"
    },
    "node_modules/@tauri-apps/cli": {
      "version": "2.11.4",
      "resolved": "https://registry.npmjs.org/@tauri-apps/cli/-/cli-2.11.4.tgz",
      "integrity": "sha512-Aj7xvmPK2VQ2pVVgLTKf8tRHV7h01MbQhBgPRmWpfnPYGC/CdRv6HLI+1DfKUMsApz2c0yMXfbHnR7gf/Bx7A==",
      "dev": true,
      "license": "MIT or Apache-2.0"
    },
    "node_modules/@types/express": {
      "version": "4.17.21",
      "resolved": "https://registry.npmjs.org/@types/express/-/express-4.17.21.tgz",
      "integrity": "sha512-ejlPM355wgk6d+SNqkEKhyQ+cq1T5TPJQoWLSznbiApzdMrGUXQlc4d+UNOLapomg4yNTcjo5ORO9NSVELY5gw==",
      "dev": true,
      "license": "MIT"
    },
    "node_modules/@types/node": {
      "version": "22.14.0",
      "resolved": "https://registry.npmjs.org/@types/node/-/node-22.14.0.tgz",
      "integrity": "sha512-+TU5ZBjxDzLvp6Yb/fmn1B8s3c8OyTm0ePa7kfkfvhAg1h5wTnPZpvQ9mJM6V9d3+H+S3DaX3xC/PD2xfOOw==",
      "dev": true,
      "license": "MIT"
    },
    "node_modules/@vitejs/plugin-react": {
      "version": "5.0.4",
      "resolved": "https://registry.npmjs.org/@vitejs/plugin-react/-/plugin-react-5.0.4.tgz",
      "integrity": "sha512-XQEsjuDiMJVPj/s3CzD6YrD7P0s8r6IiqhRnvkCxX0VTZ8W6RBXZelcjd37fwJL7BrCM+aBMsGALDIqlxEXhPQ==",
      "dev": true,
      "license": "MIT"
    },
    "node_modules/autoprefixer": {
      "version": "10.4.21",
      "resolved": "https://registry.npmjs.org/autoprefixer/-/autoprefixer-10.4.21.tgz",
      "integrity": "sha512-gsnvXaov0UJv/gOB4yL7BM5h8L5eWVr2qlqvwvl1/8MyQCi5+5xucBOgcmxNQOuUVX2PkLWAKALqnXOBt/qr2w==",
      "dev": true,
      "license": "MIT"
    },
    "node_modules/concurrently": {
      "version": "9.1.2",
      "resolved": "https://registry.npmjs.org/concurrently/-/concurrently-9.1.2.tgz",
      "integrity": "sha512-YpWf7L1bYYfwvRxvjOPzpKQILZO5l9fQGCeJVVf1F7qRi3tYJ8dYeS/HWs9rihR4fTSfKEbAqAKH5PgbCT2Jw==",
      "dev": true,
      "license": "MIT"
    },
    "node_modules/electron": {
      "version": "43.3.0",
      "resolved": "https://registry.npmjs.org/electron/-/electron-43.3.0.tgz",
      "integrity": "sha512-5Y8yL4bWlpqbkbXK01x4PBXx3s6m9/7L8FqAP+9BQvKKPj+H+dNgNMvDnzk5kJBe5V7RQwlqVpH2o2xvLM7mA==",
      "dev": true,
      "license": "MIT"
    },
    "node_modules/electron-builder": {
      "version": "26.15.3",
      "resolved": "https://registry.npmjs.org/electron-builder/-/electron-builder-26.15.3.tgz",
      "integrity": "sha512-aqn0xFflkQmqp4R3xf7D8tKSLgdBkCvREZj4eYm4YOEjVdpF9wVvTI6S6g+1rvLqxv0bMQNdJCPZU9WMmzMwQ==",
      "dev": true,
      "license": "MIT"
    },
    "node_modules/esbuild": {
      "version": "0.25.0",
      "resolved": "https://registry.npmjs.org/esbuild/-/esbuild-0.25.0.tgz",
      "integrity": "sha512-m1IZ7r+4u5CwLXEHe4zCeIfzZYhS4qrFWVpXS1b4V8c4/uj9gR3m5KT8lWNL1BbMfNQHKL0kHs9CrXK9+lMhw==",
      "dev": true,
      "license": "MIT",
      "engines": {
        "node": ">=18"
      }
    },
    "node_modules/tailwindcss": {
      "version": "4.1.14",
      "resolved": "https://registry.npmjs.org/tailwindcss/-/tailwindcss-4.1.14.tgz",
      "integrity": "sha512-MyCJGRj6PdkBzJR5zxGGSsn1qCx4FQhiJRvCrV/6+a8FiKPvVaF7FQD++fBgmLR6LxLX3KGYkAJ5vA+8THlmw==",
      "dev": true,
      "license": "MIT"
    },
    "node_modules/tsx": {
      "version": "4.21.0",
      "resolved": "https://registry.npmjs.org/tsx/-/tsx-4.21.0.tgz",
      "integrity": "sha512-vT3JIxIIRqhP8+5f8LCXGYaJbzgOGzrUkbSw/0oLxsQ0KMH78P6ZKzOBdJgIDWMKf1t0jVy3d+cYkVcNQvD3A==",
      "dev": true,
      "license": "MIT"
    },
    "node_modules/typescript": {
      "version": "5.8.2",
      "resolved": "https://registry.npmjs.org/typescript/-/typescript-5.8.2.tgz",
      "integrity": "sha512-TxHnKi/8fXOKknhDUJfxTDhR8G92qOdJVELKLLDrcaOlYBZ2U/9RfCp7D/ILzWLWNsHlSwHEJnfMEMuuZ8r3DA==",
      "dev": true,
      "license": "Apache-2.0"
    },
    "node_modules/vite": {
      "version": "6.2.3",
      "resolved": "https://registry.npmjs.org/vite/-/vite-6.2.3.tgz",
      "integrity": "sha512-R1qjOdaEjL3W6/0n0TQHD4D/mMPaUDfPvZjLyL1E7P2UWvczB0c7v2nH9/5FBtCxPaLuQoQPqJCFPDtMKlOdQ==",
      "dev": true,
      "license": "MIT"
    },
    "node_modules/wait-on": {
      "version": "8.0.2",
      "resolved": "https://registry.npmjs.org/wait-on/-/wait-on-8.0.2.tgz",
      "integrity": "sha512-hFCLykQI0GKJtLWinP71JnqP5crR+QRiG2YXxEPDjKP1LlqEXqAr0wWCHBDr6SXVFzAqj3AQZH5FeRJDZUeHg==",
      "dev": true,
      "license": "MIT"
    },
    "node_modules/@esbuild/win32-x64": {
      "version": "0.25.0",
      "resolved": "https://registry.npmjs.org/@esbuild/win32-x64/-/win32-x64-0.25.0.tgz",
      "integrity": "sha512-TP+e6nBJK6zcLWkEi/0qLMc60+jJ0UzCgM4PNPmVN3fmrGAH0vjbVTg82MLHDOC/m2B3RqZgxvxKSfwqM8KmA==",
      "cpu": [
        "x64"
      ],
      "optional": true,
      "os": [
        "win32"
      ]
    },
    "node_modules/@rollup/rollup-win32-x64-msvc": {
      "version": "4.30.0",
      "resolved": "https://registry.npmjs.org/@rollup/rollup-win32-x64-msvc/-/rollup-win32-x64-msvc-4.30.0.tgz",
      "integrity": "sha512-9i6J3YPgp8QqJ8PD4IzSvykVvvwHwDq/KFh6/z+dUGmVVo4K+hbkFfSO5GnwS5R7Wf8dF0gHQvFvPfxXvCsVg==",
      "cpu": [
        "x64"
      ],
      "optional": true,
      "os": [
        "win32"
      ]
    },
    "node_modules/@tailwindcss/oxide-win32-x64-msvc": {
      "version": "4.0.0",
      "resolved": "https://registry.npmjs.org/@tailwindcss/oxide-win32-x64-msvc/-/oxide-win32-x64-msvc-4.0.0.tgz",
      "integrity": "sha512-g0TdlxLwk8QxS6+iBdOcHBaHqPFhHRxCQquP5Ew0l0GE7q3zcSGJfq0TvHp8C0PdDt1jJ+O2PfXRN8mSJKKdA==",
      "cpu": [
        "x64"
      ],
      "optional": true,
      "os": [
        "win32"
      ]
    },
    "node_modules/@tauri-apps/cli-win32-x64-msvc": {
      "version": "2.0.0",
      "resolved": "https://registry.npmjs.org/@tauri-apps/cli-win32-x64-msvc/-/cli-win32-x64-msvc-2.0.0.tgz",
      "integrity": "sha512-+dHQVxlmzKtpqaU6mC1VLXGN6i4MkQSbpBFLk2L8Mun3Q1xYvMf7RdLRbhRhYTjWVNrXOYLXh9kAUz9UXSORA==",
      "cpu": [
        "x64"
      ],
      "optional": true,
      "os": [
        "win32"
      ]
    }
  }
}
